
Microsoft Visual Studio Solution File, Format Version 12.00
# Visual Studio Version 16
VisualStudioVersion = 16.0.31729.503
MinimumVisualStudioVersion = 10.0.40219.1
Project("{FAE04EC0-301F-11D3-BF4B-00C04F79EFBC}") = "GraphicsAlgorithms", "GraphicsAlgorithms\GraphicsAlgorithms.csproj", "{13F07C29-A994-46D5-9284-7E4855F354CC}"
EndProject
Global
	GlobalSection(SolutionConfigurationPlatforms) = preSolution
		Debug|Any CPU = Debug|Any CPU
		Release|Any CPU = Release|Any CPU
	EndGlobalSection
	GlobalSection(ProjectConfigurationPlatforms) = postSolution
		{13F07C29-A994-46D5-9284-7E4855F354CC}.Debug|Any CPU.ActiveCfg = Debug|Any CPU
		{13F07C29-A994-46D5-9284-7E4855F354CC}.Debug|Any CPU.Build.0 = Debug|Any CPU
		{13F07C29-A994-46D5-9284-7E4855F354CC}.Release|Any CPU.ActiveCfg = Release|Any CPU
		{13F07C29-A994-46D5-9284-7E4855F354CC}.Release|Any CPU.Build.0 = Release|Any CPU
	EndGlobalSection
	GlobalSection(SolutionProperties) = preSolution
		HideSolutionNode = FALSE
	EndGlobalSection
	GlobalSection(ExtensibilityGlobals) = postSolution
		SolutionGuid = {E0BA67F7-6EDE-4BA8-BD8F-4DA7A9B1A6C4}
	EndGlobalSection
EndGlobal
